{
  "name": "encrpytexample",
  "version": "1.0.0",
  "lockfileVersion": 1,
  "requires": true,
  "dependencies": {
    "crypto-js": {
      "version": "3.1.5",
      "resolved": "https://registry.npmjs.org/crypto-js/-/crypto-js-3.1.5.tgz",
      "integrity": "sha1-2nXPOyrBmnt5FwPruV0KLJMqmNg="
    }
  }
}
